
Microsoft Visual Studio Solution File, Format Version 12.00
# Visual Studio 15
VisualStudioVersion = 15.0.27703.2026
MinimumVisualStudioVersion = 10.0.40219.1
Project("{9A19103F-16F7-4668-BE54-9A1E7A4F7556}") = "SignalRProblem", "SignalRProblem\SignalRProblem.csproj", "{1A434369-8DFF-4913-900C-8DB070651712}"
EndProject
Global
	GlobalSection(SolutionConfigurationPlatforms) = preSolution
		Debug|Any CPU = Debug|Any CPU
		Release|Any CPU = Release|Any CPU
	EndGlobalSection
	GlobalSection(ProjectConfigurationPlatforms) = postSolution
		{1A434369-8DFF-4913-900C-8DB070651712}.Debug|Any CPU.ActiveCfg = Debug|Any CPU
		{1A434369-8DFF-4913-900C-8DB070651712}.Debug|Any CPU.Build.0 = Debug|Any CPU
		{1A434369-8DFF-4913-900C-8DB070651712}.Release|Any CPU.ActiveCfg = Release|Any CPU
		{1A434369-8DFF-4913-900C-8DB070651712}.Release|Any CPU.Build.0 = Release|Any CPU
	EndGlobalSection
	GlobalSection(SolutionProperties) = preSolution
		HideSolutionNode = FALSE
	EndGlobalSection
	GlobalSection(ExtensibilityGlobals) = postSolution
		SolutionGuid = {968B1A83-E793-49F8-AA38-86033267E51B}
	EndGlobalSection
EndGlobal
